
Microsoft Visual Studio Solution File, Format Version 12.00
# Visual Studio Version 17
VisualStudioVersion = 17.10.34928.147
MinimumVisualStudioVersion = 10.0.40219.1
Project("{FAE04EC0-301F-11D3-BF4B-00C04F79EFBC}") = "ConsejeriaQR", "ConsejeriaQR\ConsejeriaQR.csproj", "{2026F977-717B-4942-9830-C19D2787FE63}"
EndProject
Global
	GlobalSection(SolutionConfigurationPlatforms) = preSolution
		Debug|Any CPU = Debug|Any CPU
		Release|Any CPU = Release|Any CPU
	EndGlobalSection
	GlobalSection(ProjectConfigurationPlatforms) = postSolution
		{2026F977-717B-4942-9830-C19D2787FE63}.Debug|Any CPU.ActiveCfg = Debug|Any CPU
		{2026F977-717B-4942-9830-C19D2787FE63}.Debug|Any CPU.Build.0 = Debug|Any CPU
		{2026F977-717B-4942-9830-C19D2787FE63}.Release|Any CPU.ActiveCfg = Release|Any CPU
		{2026F977-717B-4942-9830-C19D2787FE63}.Release|Any CPU.Build.0 = Release|Any CPU
	EndGlobalSection
	GlobalSection(SolutionProperties) = preSolution
		HideSolutionNode = FALSE
	EndGlobalSection
	GlobalSection(ExtensibilityGlobals) = postSolution
		SolutionGuid = {88AC14B9-FE16-4929-BD84-E7852F67552E}
	EndGlobalSection
EndGlobal
