
Microsoft Visual Studio Solution File, Format Version 12.00
# Visual Studio Version 17
VisualStudioVersion = 17.7.34031.279
MinimumVisualStudioVersion = 10.0.40219.1
Project("{FAE04EC0-301F-11D3-BF4B-00C04F79EFBC}") = "ExamenEj2", "ExamenEj2\ExamenEj2.csproj", "{8A9E59F3-0E5A-41DC-B6BF-804D5228917C}"
EndProject
Global
	GlobalSection(SolutionConfigurationPlatforms) = preSolution
		Debug|Any CPU = Debug|Any CPU
		Release|Any CPU = Release|Any CPU
	EndGlobalSection
	GlobalSection(ProjectConfigurationPlatforms) = postSolution
		{8A9E59F3-0E5A-41DC-B6BF-804D5228917C}.Debug|Any CPU.ActiveCfg = Debug|Any CPU
		{8A9E59F3-0E5A-41DC-B6BF-804D5228917C}.Debug|Any CPU.Build.0 = Debug|Any CPU
		{8A9E59F3-0E5A-41DC-B6BF-804D5228917C}.Release|Any CPU.ActiveCfg = Release|Any CPU
		{8A9E59F3-0E5A-41DC-B6BF-804D5228917C}.Release|Any CPU.Build.0 = Release|Any CPU
	EndGlobalSection
	GlobalSection(SolutionProperties) = preSolution
		HideSolutionNode = FALSE
	EndGlobalSection
	GlobalSection(ExtensibilityGlobals) = postSolution
		SolutionGuid = {26F3802C-454B-4454-AF97-0E76BEC6CD55}
	EndGlobalSection
EndGlobal
