
Microsoft Visual Studio Solution File, Format Version 12.00
# Visual Studio Version 17
VisualStudioVersion = 17.7.34031.279
MinimumVisualStudioVersion = 10.0.40219.1
Project("{FAE04EC0-301F-11D3-BF4B-00C04F79EFBC}") = "Prueba Cargar Imagenes", "Prueba Cargar Imagenes\Prueba Cargar Imagenes.csproj", "{7D6296DA-1DB4-48A2-80EE-2B441DEE3516}"
EndProject
Global
	GlobalSection(SolutionConfigurationPlatforms) = preSolution
		Debug|Any CPU = Debug|Any CPU
		Release|Any CPU = Release|Any CPU
	EndGlobalSection
	GlobalSection(ProjectConfigurationPlatforms) = postSolution
		{7D6296DA-1DB4-48A2-80EE-2B441DEE3516}.Debug|Any CPU.ActiveCfg = Debug|Any CPU
		{7D6296DA-1DB4-48A2-80EE-2B441DEE3516}.Debug|Any CPU.Build.0 = Debug|Any CPU
		{7D6296DA-1DB4-48A2-80EE-2B441DEE3516}.Release|Any CPU.ActiveCfg = Release|Any CPU
		{7D6296DA-1DB4-48A2-80EE-2B441DEE3516}.Release|Any CPU.Build.0 = Release|Any CPU
	EndGlobalSection
	GlobalSection(SolutionProperties) = preSolution
		HideSolutionNode = FALSE
	EndGlobalSection
	GlobalSection(ExtensibilityGlobals) = postSolution
		SolutionGuid = {BB1F75C8-2DA2-4E8F-ADCF-07B56B480056}
	EndGlobalSection
EndGlobal
