
Microsoft Visual Studio Solution File, Format Version 12.00
# Visual Studio Version 17
VisualStudioVersion = 17.7.34031.279
MinimumVisualStudioVersion = 10.0.40219.1
Project("{FAE04EC0-301F-11D3-BF4B-00C04F79EFBC}") = "Prueba9 Juego Colores", "Prueba9 Juego Colores\Prueba9 Juego Colores.csproj", "{C460A98C-D35F-46C1-A6FF-FA493102D8FE}"
EndProject
Global
	GlobalSection(SolutionConfigurationPlatforms) = preSolution
		Debug|Any CPU = Debug|Any CPU
		Release|Any CPU = Release|Any CPU
	EndGlobalSection
	GlobalSection(ProjectConfigurationPlatforms) = postSolution
		{C460A98C-D35F-46C1-A6FF-FA493102D8FE}.Debug|Any CPU.ActiveCfg = Debug|Any CPU
		{C460A98C-D35F-46C1-A6FF-FA493102D8FE}.Debug|Any CPU.Build.0 = Debug|Any CPU
		{C460A98C-D35F-46C1-A6FF-FA493102D8FE}.Release|Any CPU.ActiveCfg = Release|Any CPU
		{C460A98C-D35F-46C1-A6FF-FA493102D8FE}.Release|Any CPU.Build.0 = Release|Any CPU
	EndGlobalSection
	GlobalSection(SolutionProperties) = preSolution
		HideSolutionNode = FALSE
	EndGlobalSection
	GlobalSection(ExtensibilityGlobals) = postSolution
		SolutionGuid = {BCC687A1-1056-484A-9005-8ADA3335FA77}
	EndGlobalSection
EndGlobal
