
Microsoft Visual Studio Solution File, Format Version 12.00
# Visual Studio Version 17
VisualStudioVersion = 17.7.34031.279
MinimumVisualStudioVersion = 10.0.40219.1
Project("{FAE04EC0-301F-11D3-BF4B-00C04F79EFBC}") = "Dgv_Empleados_Frutas", "Dgv_Empleados_Frutas\Dgv_Empleados_Frutas.csproj", "{21F7493A-54CD-45C4-9571-3E099A57BCBC}"
EndProject
Global
	GlobalSection(SolutionConfigurationPlatforms) = preSolution
		Debug|Any CPU = Debug|Any CPU
		Release|Any CPU = Release|Any CPU
	EndGlobalSection
	GlobalSection(ProjectConfigurationPlatforms) = postSolution
		{21F7493A-54CD-45C4-9571-3E099A57BCBC}.Debug|Any CPU.ActiveCfg = Debug|Any CPU
		{21F7493A-54CD-45C4-9571-3E099A57BCBC}.Debug|Any CPU.Build.0 = Debug|Any CPU
		{21F7493A-54CD-45C4-9571-3E099A57BCBC}.Release|Any CPU.ActiveCfg = Release|Any CPU
		{21F7493A-54CD-45C4-9571-3E099A57BCBC}.Release|Any CPU.Build.0 = Release|Any CPU
	EndGlobalSection
	GlobalSection(SolutionProperties) = preSolution
		HideSolutionNode = FALSE
	EndGlobalSection
	GlobalSection(ExtensibilityGlobals) = postSolution
		SolutionGuid = {7C4DCE5B-2595-4628-85A4-65CA86F2913D}
	EndGlobalSection
EndGlobal
