
Microsoft Visual Studio Solution File, Format Version 12.00
# Visual Studio Version 16
VisualStudioVersion = 16.0.33927.289
MinimumVisualStudioVersion = 10.0.40219.1
Project("{FAE04EC0-301F-11D3-BF4B-00C04F79EFBC}") = "WindowsFormsApp1", "WindowsFormsApp1\WindowsFormsApp1.csproj", "{66223DBA-457E-49E0-82D2-C67A69FCA60D}"
EndProject
Global
	GlobalSection(SolutionConfigurationPlatforms) = preSolution
		Debug|Any CPU = Debug|Any CPU
		Release|Any CPU = Release|Any CPU
	EndGlobalSection
	GlobalSection(ProjectConfigurationPlatforms) = postSolution
		{66223DBA-457E-49E0-82D2-C67A69FCA60D}.Debug|Any CPU.ActiveCfg = Debug|Any CPU
		{66223DBA-457E-49E0-82D2-C67A69FCA60D}.Debug|Any CPU.Build.0 = Debug|Any CPU
		{66223DBA-457E-49E0-82D2-C67A69FCA60D}.Release|Any CPU.ActiveCfg = Release|Any CPU
		{66223DBA-457E-49E0-82D2-C67A69FCA60D}.Release|Any CPU.Build.0 = Release|Any CPU
	EndGlobalSection
	GlobalSection(SolutionProperties) = preSolution
		HideSolutionNode = FALSE
	EndGlobalSection
	GlobalSection(ExtensibilityGlobals) = postSolution
		SolutionGuid = {F146D50F-CA5C-4917-A88E-C58565A32CA8}
	EndGlobalSection
EndGlobal
