
Microsoft Visual Studio Solution File, Format Version 12.00
# Visual Studio Version 17
VisualStudioVersion = 17.9.34728.123
MinimumVisualStudioVersion = 10.0.40219.1
Project("{FAE04EC0-301F-11D3-BF4B-00C04F79EFBC}") = "Aerolineas", "Aerolineas\Aerolineas.csproj", "{592AE174-5FA8-4A09-95A3-6D8760DA6862}"
EndProject
Global
	GlobalSection(SolutionConfigurationPlatforms) = preSolution
		Debug|Any CPU = Debug|Any CPU
		Release|Any CPU = Release|Any CPU
	EndGlobalSection
	GlobalSection(ProjectConfigurationPlatforms) = postSolution
		{592AE174-5FA8-4A09-95A3-6D8760DA6862}.Debug|Any CPU.ActiveCfg = Debug|Any CPU
		{592AE174-5FA8-4A09-95A3-6D8760DA6862}.Debug|Any CPU.Build.0 = Debug|Any CPU
		{592AE174-5FA8-4A09-95A3-6D8760DA6862}.Release|Any CPU.ActiveCfg = Release|Any CPU
		{592AE174-5FA8-4A09-95A3-6D8760DA6862}.Release|Any CPU.Build.0 = Release|Any CPU
	EndGlobalSection
	GlobalSection(SolutionProperties) = preSolution
		HideSolutionNode = FALSE
	EndGlobalSection
	GlobalSection(ExtensibilityGlobals) = postSolution
		SolutionGuid = {10CFABA7-A66B-4157-8204-26F27CC5EE45}
	EndGlobalSection
EndGlobal
