
Microsoft Visual Studio Solution File, Format Version 12.00
# Visual Studio Version 17
VisualStudioVersion = 17.9.34723.18
MinimumVisualStudioVersion = 10.0.40219.1
Project("{FAE04EC0-301F-11D3-BF4B-00C04F79EFBC}") = "Juego1-Abril25", "Juego1-Abril25\Juego1-Abril25.csproj", "{C36AB933-DD21-40C0-A418-79EA375404E2}"
EndProject
Global
	GlobalSection(SolutionConfigurationPlatforms) = preSolution
		Debug|Any CPU = Debug|Any CPU
		Release|Any CPU = Release|Any CPU
	EndGlobalSection
	GlobalSection(ProjectConfigurationPlatforms) = postSolution
		{C36AB933-DD21-40C0-A418-79EA375404E2}.Debug|Any CPU.ActiveCfg = Debug|Any CPU
		{C36AB933-DD21-40C0-A418-79EA375404E2}.Debug|Any CPU.Build.0 = Debug|Any CPU
		{C36AB933-DD21-40C0-A418-79EA375404E2}.Release|Any CPU.ActiveCfg = Release|Any CPU
		{C36AB933-DD21-40C0-A418-79EA375404E2}.Release|Any CPU.Build.0 = Release|Any CPU
	EndGlobalSection
	GlobalSection(SolutionProperties) = preSolution
		HideSolutionNode = FALSE
	EndGlobalSection
	GlobalSection(ExtensibilityGlobals) = postSolution
		SolutionGuid = {30ECA6E3-738C-4978-9015-FA93B3570F50}
	EndGlobalSection
EndGlobal
