
Microsoft Visual Studio Solution File, Format Version 12.00
# Visual Studio Version 17
VisualStudioVersion = 17.7.34031.279
MinimumVisualStudioVersion = 10.0.40219.1
Project("{FAE04EC0-301F-11D3-BF4B-00C04F79EFBC}") = "TPVExamen", "TPVExamen\TPVExamen.csproj", "{3C45AA35-D5C2-4C46-9239-353A675DD330}"
EndProject
Global
	GlobalSection(SolutionConfigurationPlatforms) = preSolution
		Debug|Any CPU = Debug|Any CPU
		Release|Any CPU = Release|Any CPU
	EndGlobalSection
	GlobalSection(ProjectConfigurationPlatforms) = postSolution
		{3C45AA35-D5C2-4C46-9239-353A675DD330}.Debug|Any CPU.ActiveCfg = Debug|Any CPU
		{3C45AA35-D5C2-4C46-9239-353A675DD330}.Debug|Any CPU.Build.0 = Debug|Any CPU
		{3C45AA35-D5C2-4C46-9239-353A675DD330}.Release|Any CPU.ActiveCfg = Release|Any CPU
		{3C45AA35-D5C2-4C46-9239-353A675DD330}.Release|Any CPU.Build.0 = Release|Any CPU
	EndGlobalSection
	GlobalSection(SolutionProperties) = preSolution
		HideSolutionNode = FALSE
	EndGlobalSection
	GlobalSection(ExtensibilityGlobals) = postSolution
		SolutionGuid = {1633F127-8D5F-41F2-94A2-4B035096D814}
	EndGlobalSection
EndGlobal
