
Microsoft Visual Studio Solution File, Format Version 12.00
# Visual Studio Version 17
VisualStudioVersion = 17.7.34031.279
MinimumVisualStudioVersion = 10.0.40219.1
Project("{FAE04EC0-301F-11D3-BF4B-00C04F79EFBC}") = "Examen", "Examen\Examen.csproj", "{6A988138-5CC5-4E1B-B611-FECDE5AE3380}"
EndProject
Global
	GlobalSection(SolutionConfigurationPlatforms) = preSolution
		Debug|Any CPU = Debug|Any CPU
		Release|Any CPU = Release|Any CPU
	EndGlobalSection
	GlobalSection(ProjectConfigurationPlatforms) = postSolution
		{6A988138-5CC5-4E1B-B611-FECDE5AE3380}.Debug|Any CPU.ActiveCfg = Debug|Any CPU
		{6A988138-5CC5-4E1B-B611-FECDE5AE3380}.Debug|Any CPU.Build.0 = Debug|Any CPU
		{6A988138-5CC5-4E1B-B611-FECDE5AE3380}.Release|Any CPU.ActiveCfg = Release|Any CPU
		{6A988138-5CC5-4E1B-B611-FECDE5AE3380}.Release|Any CPU.Build.0 = Release|Any CPU
	EndGlobalSection
	GlobalSection(SolutionProperties) = preSolution
		HideSolutionNode = FALSE
	EndGlobalSection
	GlobalSection(ExtensibilityGlobals) = postSolution
		SolutionGuid = {E4F75407-A678-42B4-8BB5-5BE24B1E4ACC}
	EndGlobalSection
EndGlobal
